// !$*UTF8*$!
{
	archiveVersion = 1;
	classes = {
	};
	objectVersion = 77;
	objects = {

/* Begin PBXBuildFile section */
		BAFECA9B2DF4313D00003C36 /* GenericGameScene.swift in Sources */ = {isa = PBXBuildFile; fileRef = BAFECA9A2DF4313D00003C36 /* GenericGameScene.swift */; };
/* End PBXBuildFile section */

/* Begin PBXContainerItemProxy section */
		BA08A19C2DF1D2900041FDFC /* PBXContainerItemProxy */ = {
			isa = PBXContainerItemProxy;
			containerPortal = BA08A1862DF1D28F0041FDFC /* Project object */;
			proxyType = 1;
			remoteGlobalIDString = BA08A18D2DF1D28F0041FDFC;
			remoteInfo = "ThinkX Game";
		};
		BA08A1A62DF1D2900041FDFC /* PBXContainerItemProxy */ = {
			isa = PBXContainerItemProxy;
			containerPortal = BA08A1862DF1D28F0041FDFC /* Project object */;
			proxyType = 1;
			remoteGlobalIDString = BA08A18D2DF1D28F0041FDFC;
			remoteInfo = "ThinkX Game";
		};
/* End PBXContainerItemProxy section */

/* Begin PBXFileReference section */
		BA08A18E2DF1D28F0041FDFC /* ThinkX Game.app */ = {isa = PBXFileReference; explicitFileType = wrapper.application; includeInIndex = 0; path = "ThinkX Game.app"; sourceTree = BUILT_PRODUCTS_DIR; };
		BA08A19B2DF1D2900041FDFC /* ThinkX GameTests.xctest */ = {isa = PBXFileReference; explicitFileType = wrapper.cfbundle; includeInIndex = 0; path = "ThinkX GameTests.xctest"; sourceTree = BUILT_PRODUCTS_DIR; };
		BA08A1A52DF1D2900041FDFC /* ThinkX GameUITests.xctest */ = {isa = PBXFileReference; explicitFileType = wrapper.cfbundle; includeInIndex = 0; path = "ThinkX GameUITests.xctest"; sourceTree = BUILT_PRODUCTS_DIR; };
		BAFECA9A2DF4313D00003C36 /* GenericGameScene.swift */ = {isa = PBXFileReference; lastKnownFileType = sourcecode.swift; path = GenericGameScene.swift; sourceTree = "<group>"; };
/* End PBXFileReference section */

/* Begin PBXFileSystemSynchronizedBuildFileExceptionSet section */
		BA7D49422DF42573000189B7 /* Exceptions for "ThinkX Game" folder in "ThinkX GameTests" target */ = {
			isa = PBXFileSystemSynchronizedBuildFileExceptionSet;
			membershipExceptions = (
				Music/bg_music.mp3,
				Music/correct_hit.mp3,
				Music/lose_sound.mp3,
				Music/win_sound.mp3,
				Music/wrong_hit.mp3,
			);
			target = BA08A19A2DF1D2900041FDFC /* ThinkX GameTests */;
		};
		BA7D49432DF42573000189B7 /* Exceptions for "ThinkX Game" folder in "ThinkX GameUITests" target */ = {
			isa = PBXFileSystemSynchronizedBuildFileExceptionSet;
			membershipExceptions = (
				Music/bg_music.mp3,
				Music/correct_hit.mp3,
				Music/lose_sound.mp3,
				Music/win_sound.mp3,
				Music/wrong_hit.mp3,
			);
			target = BA08A1A42DF1D2900041FDFC /* ThinkX GameUITests */;
		};
/* End PBXFileSystemSynchronizedBuildFileExceptionSet section */

/* Begin PBXFileSystemSynchronizedRootGroup section */
		BA08A1902DF1D28F0041FDFC /* ThinkX Game */ = {
			isa = PBXFileSystemSynchronizedRootGroup;
			exceptions = (
				BA7D49422DF42573000189B7 /* Exceptions for "ThinkX Game" folder in "ThinkX GameTests" target */,
				BA7D49432DF42573000189B7 /* Exceptions for "ThinkX Game" folder in "ThinkX GameUITests" target */,
			);
			path = "ThinkX Game";
			sourceTree = "<group>";
		};
		BA08A19E2DF1D2900041FDFC /* ThinkX GameTests */ = {
			isa = PBXFileSystemSynchronizedRootGroup;
			path = "ThinkX GameTests";
			sourceTree = "<group>";
		};
		BA08A1A82DF1D2900041FDFC /* ThinkX GameUITests */ = {
			isa = PBXFileSystemSynchronizedRootGroup;
			path = "ThinkX GameUITests";
			sourceTree = "<group>";
		};
/* End PBXFileSystemSynchronizedRootGroup section */

/* Begin PBXFrameworksBuildPhase section */
		BA08A18B2DF1D28F0041FDFC /* Frameworks */ = {
			isa = PBXFrameworksBuildPhase;
			buildActionMask = 2147483647;
			files = (
			);
			runOnlyForDeploymentPostprocessing = 0;
		};
		BA08A1982DF1D2900041FDFC /* Frameworks */ = {
			isa = PBXFrameworksBuildPhase;
			buildActionMask = 2147483647;
			files = (
			);
			runOnlyForDeploymentPostprocessing = 0;
		};
		BA08A1A22DF1D2900041FDFC /* Frameworks */ = {
			isa = PBXFrameworksBuildPhase;
			buildActionMask = 2147483647;
			files = (
			);
			runOnlyForDeploymentPostprocessing = 0;
		};
/* End PBXFrameworksBuildPhase section */

/* Begin PBXGroup section */
		BA08A1852DF1D28F0041FDFC = {
			isa = PBXGroup;
			children = (
				BAFECA9A2DF4313D00003C36 /* GenericGameScene.swift */,
				BA08A1902DF1D28F0041FDFC /* ThinkX Game */,
				BA08A19E2DF1D2900041FDFC /* ThinkX GameTests */,
				BA08A1A82DF1D2900041FDFC /* ThinkX GameUITests */,
				BA08A18F2DF1D28F0041FDFC /* Products */,
			);
			sourceTree = "<group>";
		};
		BA08A18F2DF1D28F0041FDFC /* Products */ = {
			isa = PBXGroup;
			children = (
				BA08A18E2DF1D28F0041FDFC /* ThinkX Game.app */,
				BA08A19B2DF1D2900041FDFC /* ThinkX GameTests.xctest */,
				BA08A1A52DF1D2900041FDFC /* ThinkX GameUITests.xctest */,
			);
			name = Products;
			sourceTree = "<group>";
		};
/* End PBXGroup section */

/* Begin PBXNativeTarget section */
		BA08A18D2DF1D28F0041FDFC /* ThinkX Game */ = {
			isa = PBXNativeTarget;
			buildConfigurationList = BA08A1AF2DF1D2900041FDFC /* Build configuration list for PBXNativeTarget "ThinkX Game" */;
			buildPhases = (
				BA08A18A2DF1D28F0041FDFC /* Sources */,
				BA08A18B2DF1D28F0041FDFC /* Frameworks */,
				BA08A18C2DF1D28F0041FDFC /* Resources */,
			);
			buildRules = (
			);
			dependencies = (
			);
			fileSystemSynchronizedGroups = (
				BA08A1902DF1D28F0041FDFC /* ThinkX Game */,
			);
			name = "ThinkX Game";
			packageProductDependencies = (
			);
			productName = "ThinkX Game";
			productReference = BA08A18E2DF1D28F0041FDFC /* ThinkX Game.app */;
			productType = "com.apple.product-type.application";
		};
		BA08A19A2DF1D2900041FDFC /* ThinkX GameTests */ = {
			isa = PBXNativeTarget;
			buildConfigurationList = BA08A1B22DF1D2900041FDFC /* Build configuration list for PBXNativeTarget "ThinkX GameTests" */;
			buildPhases = (
				BA08A1972DF1D2900041FDFC /* Sources */,
				BA08A1982DF1D2900041FDFC /* Frameworks */,
				BA08A1992DF1D2900041FDFC /* Resources */,
			);
			buildRules = (
			);
			dependencies = (
				BA08A19D2DF1D2900041FDFC /* PBXTargetDependency */,
			);
			fileSystemSynchronizedGroups = (
				BA08A19E2DF1D2900041FDFC /* ThinkX GameTests */,
			);
			name = "ThinkX GameTests";
			packageProductDependencies = (
			);
			productName = "ThinkX GameTests";
			productReference = BA08A19B2DF1D2900041FDFC /* ThinkX GameTests.xctest */;
			productType = "com.apple.product-type.bundle.unit-test";
		};
		BA08A1A42DF1D2900041FDFC /* ThinkX GameUITests */ = {
			isa = PBXNativeTarget;
			buildConfigurationList = BA08A1B52DF1D2900041FDFC /* Build configuration list for PBXNativeTarget "ThinkX GameUITests" */;
			buildPhases = (
				BA08A1A12DF1D2900041FDFC /* Sources */,
				BA08A1A22DF1D2900041FDFC /* Frameworks */,
				BA08A1A32DF1D2900041FDFC /* Resources */,
			);
			buildRules = (
			);
			dependencies = (
				BA08A1A72DF1D2900041FDFC /* PBXTargetDependency */,
			);
			fileSystemSynchronizedGroups = (
				BA08A1A82DF1D2900041FDFC /* ThinkX GameUITests */,
			);
			name = "ThinkX GameUITests";
			packageProductDependencies = (
			);
			productName = "ThinkX GameUITests";
			productReference = BA08A1A52DF1D2900041FDFC /* ThinkX GameUITests.xctest */;
			productType = "com.apple.product-type.bundle.ui-testing";
		};
/* End PBXNativeTarget section */

/* Begin PBXProject section */
		BA08A1862DF1D28F0041FDFC /* Project object */ = {
			isa = PBXProject;
			attributes = {
				BuildIndependentTargetsInParallel = 1;
				LastSwiftUpdateCheck = 1630;
				LastUpgradeCheck = 1630;
				TargetAttributes = {
					BA08A18D2DF1D28F0041FDFC = {
						CreatedOnToolsVersion = 16.3;
					};
					BA08A19A2DF1D2900041FDFC = {
						CreatedOnToolsVersion = 16.3;
						TestTargetID = BA08A18D2DF1D28F0041FDFC;
					};
					BA08A1A42DF1D2900041FDFC = {
						CreatedOnToolsVersion = 16.3;
						TestTargetID = BA08A18D2DF1D28F0041FDFC;
					};
				};
			};
			buildConfigurationList = BA08A1892DF1D28F0041FDFC /* Build configuration list for PBXProject "ThinkX Game" */;
			developmentRegion = en;
			hasScannedForEncodings = 0;
			knownRegions = (
				en,
				Base,
			);
			mainGroup = BA08A1852DF1D28F0041FDFC;
			minimizedProjectReferenceProxies = 1;
			preferredProjectObjectVersion = 77;
			productRefGroup = BA08A18F2DF1D28F0041FDFC /* Products */;
			projectDirPath = "";
			projectRoot = "";
			targets = (
				BA08A18D2DF1D28F0041FDFC /* ThinkX Game */,
				BA08A19A2DF1D2900041FDFC /* ThinkX GameTests */,
				BA08A1A42DF1D2900041FDFC /* ThinkX GameUITests */,
			);
		};
/* End PBXProject section */

/* Begin PBXResourcesBuildPhase section */
		BA08A18C2DF1D28F0041FDFC /* Resources */ = {
			isa = PBXResourcesBuildPhase;
			buildActionMask = 2147483647;
			files = (
			);
			runOnlyForDeploymentPostprocessing = 0;
		};
		BA08A1992DF1D2900041FDFC /* Resources */ = {
			isa = PBXResourcesBuildPhase;
			buildActionMask = 2147483647;
			files = (
			);
			runOnlyForDeploymentPostprocessing = 0;
		};
		BA08A1A32DF1D2900041FDFC /* Resources */ = {
			isa = PBXResourcesBuildPhase;
			buildActionMask = 2147483647;
			files = (
			);
			runOnlyForDeploymentPostprocessing = 0;
		};
/* End PBXResourcesBuildPhase section */

/* Begin PBXSourcesBuildPhase section */
		BA08A18A2DF1D28F0041FDFC /* Sources */ = {
			isa = PBXSourcesBuildPhase;
			buildActionMask = 2147483647;
			files = (
				BAFECA9B2DF4313D00003C36 /* GenericGameScene.swift in Sources */,
			);
			runOnlyForDeploymentPostprocessing = 0;
		};
		BA08A1972DF1D2900041FDFC /* Sources */ = {
			isa = PBXSourcesBuildPhase;
			buildActionMask = 2147483647;
			files = (
			);
			runOnlyForDeploymentPostprocessing = 0;
		};
		BA08A1A12DF1D2900041FDFC /* Sources */ = {
			isa = PBXSourcesBuildPhase;
			buildActionMask = 2147483647;
			files = (
			);
			runOnlyForDeploymentPostprocessing = 0;
		};
/* End PBXSourcesBuildPhase section */

/* Begin PBXTargetDependency section */
		BA08A19D2DF1D2900041FDFC /* PBXTargetDependency */ = {
			isa = PBXTargetDependency;
			target = BA08A18D2DF1D28F0041FDFC /* ThinkX Game */;
			targetProxy = BA08A19C2DF1D2900041FDFC /* PBXContainerItemProxy */;
		};
		BA08A1A72DF1D2900041FDFC /* PBXTargetDependency */ = {
			isa = PBXTargetDependency;
			target = BA08A18D2DF1D28F0041FDFC /* ThinkX Game */;
			targetProxy = BA08A1A62DF1D2900041FDFC /* PBXContainerItemProxy */;
		};
/* End PBXTargetDependency section */

/* Begin XCBuildConfiguration section */
		BA08A1AD2DF1D2900041FDFC /* Debug */ = {
			isa = XCBuildConfiguration;
			buildSettings = {
				ALWAYS_SEARCH_USER_PATHS = NO;
				ASSETCATALOG_COMPILER_GENERATE_SWIFT_ASSET_SYMBOL_EXTENSIONS = YES;
				CLANG_ANALYZER_NONNULL = YES;
				CLANG_ANALYZER_NUMBER_OBJECT_CONVERSION = YES_AGGRESSIVE;
				CLANG_CXX_LANGUAGE_STANDARD = "gnu++20";
				CLANG_ENABLE_MODULES = YES;
				CLANG_ENABLE_OBJC_ARC = YES;
				CLANG_ENABLE_OBJC_WEAK = YES;
				CLANG_WARN_BLOCK_CAPTURE_AUTORELEASING = YES;
				CLANG_WARN_BOOL_CONVERSION = YES;
				CLANG_WARN_COMMA = YES;
				CLANG_WARN_CONSTANT_CONVERSION = YES;
				CLANG_WARN_DEPRECATED_OBJC_IMPLEMENTATIONS = YES;
				CLANG_WARN_DIRECT_OBJC_ISA_USAGE = YES_ERROR;
				CLANG_WARN_DOCUMENTATION_COMMENTS = YES;
				CLANG_WARN_EMPTY_BODY = YES;
				CLANG_WARN_ENUM_CONVERSION = YES;
				CLANG_WARN_INFINITE_RECURSION = YES;
				CLANG_WARN_INT_CONVERSION = YES;
				CLANG_WARN_NON_LITERAL_NULL_CONVERSION = YES;
				CLANG_WARN_OBJC_IMPLICIT_RETAIN_SELF = YES;
				CLANG_WARN_OBJC_LITERAL_CONVERSION = YES;
				CLANG_WARN_OBJC_ROOT_CLASS = YES_ERROR;
				CLANG_WARN_QUOTED_INCLUDE_IN_FRAMEWORK_HEADER = YES;
				CLANG_WARN_RANGE_LOOP_ANALYSIS = YES;
				CLANG_WARN_STRICT_PROTOTYPES = YES;
				CLANG_WARN_SUSPICIOUS_MOVE = YES;
				CLANG_WARN_UNGUARDED_AVAILABILITY = YES_AGGRESSIVE;
				CLANG_WARN_UNREACHABLE_CODE = YES;
				CLANG_WARN__DUPLICATE_METHOD_MATCH = YES;
				COPY_PHASE_STRIP = NO;
				DEBUG_INFORMATION_FORMAT = dwarf;
				DEVELOPMENT_TEAM = 3BY5H7FLXP;
				ENABLE_STRICT_OBJC_MSGSEND = YES;
				ENABLE_TESTABILITY = YES;
				ENABLE_USER_SCRIPT_SANDBOXING = YES;
				GCC_C_LANGUAGE_STANDARD = gnu17;
				GCC_DYNAMIC_NO_PIC = NO;
				GCC_NO_COMMON_BLOCKS = YES;
				GCC_OPTIMIZATION_LEVEL = 0;
				GCC_PREPROCESSOR_DEFINITIONS = (
					"DEBUG=1",
					"$(inherited)",
				);
				GCC_WARN_64_TO_32_BIT_CONVERSION = YES;
				GCC_WARN_ABOUT_RETURN_TYPE = YES_ERROR;
				GCC_WARN_UNDECLARED_SELECTOR = YES;
				GCC_WARN_UNINITIALIZED_AUTOS = YES_AGGRESSIVE;
				GCC_WARN_UNUSED_FUNCTION = YES;
				GCC_WARN_UNUSED_VARIABLE = YES;
				IPHONEOS_DEPLOYMENT_TARGET = 18.4;
				LOCALIZATION_PREFERS_STRING_CATALOGS = YES;
				MTL_ENABLE_DEBUG_INFO = INCLUDE_SOURCE;
				MTL_FAST_MATH = YES;
				ONLY_ACTIVE_ARCH = YES;
				SDKROOT = iphoneos;
				SWIFT_ACTIVE_COMPILATION_CONDITIONS = "DEBUG $(inherited)";
				SWIFT_OPTIMIZATION_LEVEL = "-Onone";
			};
			name = Debug;
		};
		BA08A1AE2DF1D2900041FDFC /* Release */ = {
			isa = XCBuildConfiguration;
			buildSettings = {
				ALWAYS_SEARCH_USER_PATHS = NO;
				ASSETCATALOG_COMPILER_GENERATE_SWIFT_ASSET_SYMBOL_EXTENSIONS = YES;
				CLANG_ANALYZER_NONNULL = YES;
				CLANG_ANALYZER_NUMBER_OBJECT_CONVERSION = YES_AGGRESSIVE;
				CLANG_CXX_LANGUAGE_STANDARD = "gnu++20";
				CLANG_ENABLE_MODULES = YES;
				CLANG_ENABLE_OBJC_ARC = YES;
				CLANG_ENABLE_OBJC_WEAK = YES;
				CLANG_WARN_BLOCK_CAPTURE_AUTORELEASING = YES;
				CLANG_WARN_BOOL_CONVERSION = YES;
				CLANG_WARN_COMMA = YES;
				CLANG_WARN_CONSTANT_CONVERSION = YES;
				CLANG_WARN_DEPRECATED_OBJC_IMPLEMENTATIONS = YES;
				CLANG_WARN_DIRECT_OBJC_ISA_USAGE = YES_ERROR;
				CLANG_WARN_DOCUMENTATION_COMMENTS = YES;
				CLANG_WARN_EMPTY_BODY = YES;
				CLANG_WARN_ENUM_CONVERSION = YES;
				CLANG_WARN_INFINITE_RECURSION = YES;
				CLANG_WARN_INT_CONVERSION = YES;
				CLANG_WARN_NON_LITERAL_NULL_CONVERSION = YES;
				CLANG_WARN_OBJC_IMPLICIT_RETAIN_SELF = YES;
				CLANG_WARN_OBJC_LITERAL_CONVERSION = YES;
				CLANG_WARN_OBJC_ROOT_CLASS = YES_ERROR;
				CLANG_WARN_QUOTED_INCLUDE_IN_FRAMEWORK_HEADER = YES;
				CLANG_WARN_RANGE_LOOP_ANALYSIS = YES;
				CLANG_WARN_STRICT_PROTOTYPES = YES;
				CLANG_WARN_SUSPICIOUS_MOVE = YES;
				CLANG_WARN_UNGUARDED_AVAILABILITY = YES_AGGRESSIVE;
				CLANG_WARN_UNREACHABLE_CODE = YES;
				CLANG_WARN__DUPLICATE_METHOD_MATCH = YES;
				COPY_PHASE_STRIP = NO;
				DEBUG_INFORMATION_FORMAT = "dwarf-with-dsym";
				DEVELOPMENT_TEAM = 3BY5H7FLXP;
				ENABLE_NS_ASSERTIONS = NO;
				ENABLE_STRICT_OBJC_MSGSEND = YES;
				ENABLE_USER_SCRIPT_SANDBOXING = YES;
				GCC_C_LANGUAGE_STANDARD = gnu17;
				GCC_NO_COMMON_BLOCKS = YES;
				GCC_WARN_64_TO_32_BIT_CONVERSION = YES;
				GCC_WARN_ABOUT_RETURN_TYPE = YES_ERROR;
				GCC_WARN_UNDECLARED_SELECTOR = YES;
				GCC_WARN_UNINITIALIZED_AUTOS = YES_AGGRESSIVE;
				GCC_WARN_UNUSED_FUNCTION = YES;
				GCC_WARN_UNUSED_VARIABLE = YES;
				IPHONEOS_DEPLOYMENT_TARGET = 18.4;
				LOCALIZATION_PREFERS_STRING_CATALOGS = YES;
				MTL_ENABLE_DEBUG_INFO = NO;
				MTL_FAST_MATH = YES;
				SDKROOT = iphoneos;
				SWIFT_COMPILATION_MODE = wholemodule;
				VALIDATE_PRODUCT = YES;
			};
			name = Release;
		};
		BA08A1B02DF1D2900041FDFC /* Debug */ = {
			isa = XCBuildConfiguration;
			buildSettings = {
				ASSETCATALOG_COMPILER_APPICON_NAME = AppIcon;
				ASSETCATALOG_COMPILER_GLOBAL_ACCENT_COLOR_NAME = AccentColor;
				CODE_SIGN_STYLE = Automatic;
				CURRENT_PROJECT_VERSION = 1;
				DEVELOPMENT_TEAM = 3BY5H7FLXP;
				ENABLE_PREVIEWS = YES;
				GENERATE_INFOPLIST_FILE = YES;
				INFOPLIST_KEY_UIApplicationSceneManifest_Generation = YES;
				INFOPLIST_KEY_UIApplicationSupportsIndirectInputEvents = YES;
				INFOPLIST_KEY_UILaunchScreen_Generation = YES;
				INFOPLIST_KEY_UISupportedInterfaceOrientations_iPad = "UIInterfaceOrientationPortrait UIInterfaceOrientationPortraitUpsideDown UIInterfaceOrientationLandscapeLeft UIInterfaceOrientationLandscapeRight";
				INFOPLIST_KEY_UISupportedInterfaceOrientations_iPhone = "UIInterfaceOrientationPortrait UIInterfaceOrientationLandscapeLeft UIInterfaceOrientationLandscapeRight";
				LD_RUNPATH_SEARCH_PATHS = (
					"$(inherited)",
					"@executable_path/Frameworks",
				);
				MARKETING_VERSION = 1.0;
				PRODUCT_BUNDLE_IDENTIFIER = "com.example.apple-samplecode.ThinkX-Game";
				PRODUCT_NAME = "$(TARGET_NAME)";
				SWIFT_EMIT_LOC_STRINGS = YES;
				SWIFT_VERSION = 5.0;
				TARGETED_DEVICE_FAMILY = "1,2";
			};
			name = Debug;
		};
		BA08A1B12DF1D2900041FDFC /* Release */ = {
			isa = XCBuildConfiguration;
			buildSettings = {
				ASSETCATALOG_COMPILER_APPICON_NAME = AppIcon;
				ASSETCATALOG_COMPILER_GLOBAL_ACCENT_COLOR_NAME = AccentColor;
				CODE_SIGN_STYLE = Automatic;
				CURRENT_PROJECT_VERSION = 1;
				DEVELOPMENT_TEAM = 3BY5H7FLXP;
				ENABLE_PREVIEWS = YES;
				GENERATE_INFOPLIST_FILE = YES;
				INFOPLIST_KEY_UIApplicationSceneManifest_Generation = YES;
				INFOPLIST_KEY_UIApplicationSupportsIndirectInputEvents = YES;
				INFOPLIST_KEY_UILaunchScreen_Generation = YES;
				INFOPLIST_KEY_UISupportedInterfaceOrientations_iPad = "UIInterfaceOrientationPortrait UIInterfaceOrientationPortraitUpsideDown UIInterfaceOrientationLandscapeLeft UIInterfaceOrientationLandscapeRight";
				INFOPLIST_KEY_UISupportedInterfaceOrientations_iPhone = "UIInterfaceOrientationPortrait UIInterfaceOrientationLandscapeLeft UIInterfaceOrientationLandscapeRight";
				LD_RUNPATH_SEARCH_PATHS = (
					"$(inherited)",
					"@executable_path/Frameworks",
				);
				MARKETING_VERSION = 1.0;
				PRODUCT_BUNDLE_IDENTIFIER = "com.example.apple-samplecode.ThinkX-Game";
				PRODUCT_NAME = "$(TARGET_NAME)";
				SWIFT_EMIT_LOC_STRINGS = YES;
				SWIFT_VERSION = 5.0;
				TARGETED_DEVICE_FAMILY = "1,2";
			};
			name = Release;
		};
		BA08A1B32DF1D2900041FDFC /* Debug */ = {
			isa = XCBuildConfiguration;
			buildSettings = {
				BUNDLE_LOADER = "$(TEST_HOST)";
				CODE_SIGN_STYLE = Automatic;
				CURRENT_PROJECT_VERSION = 1;
				DEVELOPMENT_TEAM = 3BY5H7FLXP;
				GENERATE_INFOPLIST_FILE = YES;
				IPHONEOS_DEPLOYMENT_TARGET = 18.4;
				MARKETING_VERSION = 1.0;
				PRODUCT_BUNDLE_IDENTIFIER = "com.example.apple-samplecode.ThinkX-GameTests";
				PRODUCT_NAME = "$(TARGET_NAME)";
				SWIFT_EMIT_LOC_STRINGS = NO;
				SWIFT_VERSION = 5.0;
				TARGETED_DEVICE_FAMILY = "1,2";
				TEST_HOST = "$(BUILT_PRODUCTS_DIR)/ThinkX Game.app/$(BUNDLE_EXECUTABLE_FOLDER_PATH)/ThinkX Game";
			};
			name = Debug;
		};
		BA08A1B42DF1D2900041FDFC /* Release */ = {
			isa = XCBuildConfiguration;
			buildSettings = {
				BUNDLE_LOADER = "$(TEST_HOST)";
				CODE_SIGN_STYLE = Automatic;
				CURRENT_PROJECT_VERSION = 1;
				DEVELOPMENT_TEAM = 3BY5H7FLXP;
				GENERATE_INFOPLIST_FILE = YES;
				IPHONEOS_DEPLOYMENT_TARGET = 18.4;
				MARKETING_VERSION = 1.0;
				PRODUCT_BUNDLE_IDENTIFIER = "com.example.apple-samplecode.ThinkX-GameTests";
				PRODUCT_NAME = "$(TARGET_NAME)";
				SWIFT_EMIT_LOC_STRINGS = NO;
				SWIFT_VERSION = 5.0;
				TARGETED_DEVICE_FAMILY = "1,2";
				TEST_HOST = "$(BUILT_PRODUCTS_DIR)/ThinkX Game.app/$(BUNDLE_EXECUTABLE_FOLDER_PATH)/ThinkX Game";
			};
			name = Release;
		};
		BA08A1B62DF1D2900041FDFC /* Debug */ = {
			isa = XCBuildConfiguration;
			buildSettings = {
				CODE_SIGN_STYLE = Automatic;
				CURRENT_PROJECT_VERSION = 1;
				DEVELOPMENT_TEAM = 3BY5H7FLXP;
				GENERATE_INFOPLIST_FILE = YES;
				MARKETING_VERSION = 1.0;
				PRODUCT_BUNDLE_IDENTIFIER = "com.example.apple-samplecode.ThinkX-GameUITests";
				PRODUCT_NAME = "$(TARGET_NAME)";
				SWIFT_EMIT_LOC_STRINGS = NO;
				SWIFT_VERSION = 5.0;
				TARGETED_DEVICE_FAMILY = "1,2";
				TEST_TARGET_NAME = "ThinkX Game";
			};
			name = Debug;
		};
		BA08A1B72DF1D2900041FDFC /* Release */ = {
			isa = XCBuildConfiguration;
			buildSettings = {
				CODE_SIGN_STYLE = Automatic;
				CURRENT_PROJECT_VERSION = 1;
				DEVELOPMENT_TEAM = 3BY5H7FLXP;
				GENERATE_INFOPLIST_FILE = YES;
				MARKETING_VERSION = 1.0;
				PRODUCT_BUNDLE_IDENTIFIER = "com.example.apple-samplecode.ThinkX-GameUITests";
				PRODUCT_NAME = "$(TARGET_NAME)";
				SWIFT_EMIT_LOC_STRINGS = NO;
				SWIFT_VERSION = 5.0;
				TARGETED_DEVICE_FAMILY = "1,2";
				TEST_TARGET_NAME = "ThinkX Game";
			};
			name = Release;
		};
/* End XCBuildConfiguration section */

/* Begin XCConfigurationList section */
		BA08A1892DF1D28F0041FDFC /* Build configuration list for PBXProject "ThinkX Game" */ = {
			isa = XCConfigurationList;
			buildConfigurations = (
				BA08A1AD2DF1D2900041FDFC /* Debug */,
				BA08A1AE2DF1D2900041FDFC /* Release */,
			);
			defaultConfigurationIsVisible = 0;
			defaultConfigurationName = Release;
		};
		BA08A1AF2DF1D2900041FDFC /* Build configuration list for PBXNativeTarget "ThinkX Game" */ = {
			isa = XCConfigurationList;
			buildConfigurations = (
				BA08A1B02DF1D2900041FDFC /* Debug */,
				BA08A1B12DF1D2900041FDFC /* Release */,
			);
			defaultConfigurationIsVisible = 0;
			defaultConfigurationName = Release;
		};
		BA08A1B22DF1D2900041FDFC /* Build configuration list for PBXNativeTarget "ThinkX GameTests" */ = {
			isa = XCConfigurationList;
			buildConfigurations = (
				BA08A1B32DF1D2900041FDFC /* Debug */,
				BA08A1B42DF1D2900041FDFC /* Release */,
			);
			defaultConfigurationIsVisible = 0;
			defaultConfigurationName = Release;
		};
		BA08A1B52DF1D2900041FDFC /* Build configuration list for PBXNativeTarget "ThinkX GameUITests" */ = {
			isa = XCConfigurationList;
			buildConfigurations = (
				BA08A1B62DF1D2900041FDFC /* Debug */,
				BA08A1B72DF1D2900041FDFC /* Release */,
			);
			defaultConfigurationIsVisible = 0;
			defaultConfigurationName = Release;
		};
/* End XCConfigurationList section */
	};
	rootObject = BA08A1862DF1D28F0041FDFC /* Project object */;
}
